
Microsoft Visual Studio Solution File, Format Version 12.00
# Visual Studio Version 17
VisualStudioVersion = 17.0.31903.59
MinimumVisualStudioVersion = 10.0.40219.1
Project("{F2A71F9B-5D33-465A-A702-920D77279786}") = "TradingEdge.Massive", "TradingEdge.Massive\TradingEdge.Massive.fsproj", "{F3C61718-A2B7-4115-8053-9AB0E3288AFB}"
EndProject
Project("{F2A71F9B-5D33-465A-A702-920D77279786}") = "TradingEdge.Orb", "TradingEdge.Orb\TradingEdge.Orb.fsproj", "{D3709C0C-6816-4A5E-8412-1124D70E3902}"
EndProject
Project("{F2A71F9B-5D33-465A-A702-920D77279786}") = "TradingEdge.Simulation", "TradingEdge.Simulation\TradingEdge.Simulation.fsproj", "{09D7A76C-8BDF-4B53-ABD0-843EDDCD1FB3}"
EndProject
Project("{2150E333-8FDC-42A3-9474-1A3956D46DE8}") = "t-digest-csharp", "t-digest-csharp", "{28BDB130-F664-D3E0-134D-271802D3CEF8}"
EndProject
Project("{FAE04EC0-301F-11D3-BF4B-00C04F79EFBC}") = "TDigest", "t-digest-csharp\TDigest\TDigest.csproj", "{A1BE619C-BF3A-4B8F-A47E-2917B2641BF3}"
EndProject
Global
	GlobalSection(SolutionConfigurationPlatforms) = preSolution
		Debug|Any CPU = Debug|Any CPU
		Debug|x64 = Debug|x64
		Debug|x86 = Debug|x86
		Release|Any CPU = Release|Any CPU
		Release|x64 = Release|x64
		Release|x86 = Release|x86
	EndGlobalSection
	GlobalSection(ProjectConfigurationPlatforms) = postSolution
		{F3C61718-A2B7-4115-8053-9AB0E3288AFB}.Debug|Any CPU.ActiveCfg = Debug|Any CPU
		{F3C61718-A2B7-4115-8053-9AB0E3288AFB}.Debug|Any CPU.Build.0 = Debug|Any CPU
		{F3C61718-A2B7-4115-8053-9AB0E3288AFB}.Debug|x64.ActiveCfg = Debug|Any CPU
		{F3C61718-A2B7-4115-8053-9AB0E3288AFB}.Debug|x64.Build.0 = Debug|Any CPU
		{F3C61718-A2B7-4115-8053-9AB0E3288AFB}.Debug|x86.ActiveCfg = Debug|Any CPU
		{F3C61718-A2B7-4115-8053-9AB0E3288AFB}.Debug|x86.Build.0 = Debug|Any CPU
		{F3C61718-A2B7-4115-8053-9AB0E3288AFB}.Release|Any CPU.ActiveCfg = Release|Any CPU
		{F3C61718-A2B7-4115-8053-9AB0E3288AFB}.Release|Any CPU.Build.0 = Release|Any CPU
		{F3C61718-A2B7-4115-8053-9AB0E3288AFB}.Release|x64.ActiveCfg = Release|Any CPU
		{F3C61718-A2B7-4115-8053-9AB0E3288AFB}.Release|x64.Build.0 = Release|Any CPU
		{F3C61718-A2B7-4115-8053-9AB0E3288AFB}.Release|x86.ActiveCfg = Release|Any CPU
		{F3C61718-A2B7-4115-8053-9AB0E3288AFB}.Release|x86.Build.0 = Release|Any CPU
		{D3709C0C-6816-4A5E-8412-1124D70E3902}.Debug|Any CPU.ActiveCfg = Debug|Any CPU
		{D3709C0C-6816-4A5E-8412-1124D70E3902}.Debug|Any CPU.Build.0 = Debug|Any CPU
		{D3709C0C-6816-4A5E-8412-1124D70E3902}.Debug|x64.ActiveCfg = Debug|Any CPU
		{D3709C0C-6816-4A5E-8412-1124D70E3902}.Debug|x64.Build.0 = Debug|Any CPU
		{D3709C0C-6816-4A5E-8412-1124D70E3902}.Debug|x86.ActiveCfg = Debug|Any CPU
		{D3709C0C-6816-4A5E-8412-1124D70E3902}.Debug|x86.Build.0 = Debug|Any CPU
		{D3709C0C-6816-4A5E-8412-1124D70E3902}.Release|Any CPU.ActiveCfg = Release|Any CPU
		{D3709C0C-6816-4A5E-8412-1124D70E3902}.Release|Any CPU.Build.0 = Release|Any CPU
		{D3709C0C-6816-4A5E-8412-1124D70E3902}.Release|x64.ActiveCfg = Release|Any CPU
		{D3709C0C-6816-4A5E-8412-1124D70E3902}.Release|x64.Build.0 = Release|Any CPU
		{D3709C0C-6816-4A5E-8412-1124D70E3902}.Release|x86.ActiveCfg = Release|Any CPU
		{D3709C0C-6816-4A5E-8412-1124D70E3902}.Release|x86.Build.0 = Release|Any CPU
		{09D7A76C-8BDF-4B53-ABD0-843EDDCD1FB3}.Debug|Any CPU.ActiveCfg = Debug|Any CPU
		{09D7A76C-8BDF-4B53-ABD0-843EDDCD1FB3}.Debug|Any CPU.Build.0 = Debug|Any CPU
		{09D7A76C-8BDF-4B53-ABD0-843EDDCD1FB3}.Debug|x64.ActiveCfg = Debug|Any CPU
		{09D7A76C-8BDF-4B53-ABD0-843EDDCD1FB3}.Debug|x64.Build.0 = Debug|Any CPU
		{09D7A76C-8BDF-4B53-ABD0-843EDDCD1FB3}.Debug|x86.ActiveCfg = Debug|Any CPU
		{09D7A76C-8BDF-4B53-ABD0-843EDDCD1FB3}.Debug|x86.Build.0 = Debug|Any CPU
		{09D7A76C-8BDF-4B53-ABD0-843EDDCD1FB3}.Release|Any CPU.ActiveCfg = Release|Any CPU
		{09D7A76C-8BDF-4B53-ABD0-843EDDCD1FB3}.Release|Any CPU.Build.0 = Release|Any CPU
		{09D7A76C-8BDF-4B53-ABD0-843EDDCD1FB3}.Release|x64.ActiveCfg = Release|Any CPU
		{09D7A76C-8BDF-4B53-ABD0-843EDDCD1FB3}.Release|x64.Build.0 = Release|Any CPU
		{09D7A76C-8BDF-4B53-ABD0-843EDDCD1FB3}.Release|x86.ActiveCfg = Release|Any CPU
		{09D7A76C-8BDF-4B53-ABD0-843EDDCD1FB3}.Release|x86.Build.0 = Release|Any CPU
		{A1BE619C-BF3A-4B8F-A47E-2917B2641BF3}.Debug|Any CPU.ActiveCfg = Debug|Any CPU
		{A1BE619C-BF3A-4B8F-A47E-2917B2641BF3}.Debug|Any CPU.Build.0 = Debug|Any CPU
		{A1BE619C-BF3A-4B8F-A47E-2917B2641BF3}.Debug|x64.ActiveCfg = Debug|Any CPU
		{A1BE619C-BF3A-4B8F-A47E-2917B2641BF3}.Debug|x64.Build.0 = Debug|Any CPU
		{A1BE619C-BF3A-4B8F-A47E-2917B2641BF3}.Debug|x86.ActiveCfg = Debug|Any CPU
		{A1BE619C-BF3A-4B8F-A47E-2917B2641BF3}.Debug|x86.Build.0 = Debug|Any CPU
		{A1BE619C-BF3A-4B8F-A47E-2917B2641BF3}.Release|Any CPU.ActiveCfg = Release|Any CPU
		{A1BE619C-BF3A-4B8F-A47E-2917B2641BF3}.Release|Any CPU.Build.0 = Release|Any CPU
		{A1BE619C-BF3A-4B8F-A47E-2917B2641BF3}.Release|x64.ActiveCfg = Release|Any CPU
		{A1BE619C-BF3A-4B8F-A47E-2917B2641BF3}.Release|x64.Build.0 = Release|Any CPU
		{A1BE619C-BF3A-4B8F-A47E-2917B2641BF3}.Release|x86.ActiveCfg = Release|Any CPU
		{A1BE619C-BF3A-4B8F-A47E-2917B2641BF3}.Release|x86.Build.0 = Release|Any CPU
	EndGlobalSection
	GlobalSection(SolutionProperties) = preSolution
		HideSolutionNode = FALSE
	EndGlobalSection
	GlobalSection(NestedProjects) = preSolution
		{A1BE619C-BF3A-4B8F-A47E-2917B2641BF3} = {28BDB130-F664-D3E0-134D-271802D3CEF8}
	EndGlobalSection
EndGlobal
