
Microsoft Visual Studio Solution File, Format Version 12.00
# Visual Studio Version 17
VisualStudioVersion = 17.0.31903.59
MinimumVisualStudioVersion = 10.0.40219.1
Project("{F2A71F9B-5D33-465A-A702-920D77279786}") = "TradingEdge.Massive", "TradingEdge.Massive\TradingEdge.Massive.fsproj", "{F3C61718-A2B7-4115-8053-9AB0E3288AFB}"
EndProject
Project("{F2A71F9B-5D33-465A-A702-920D77279786}") = "TradingEdge.Orb", "TradingEdge.Orb\TradingEdge.Orb.fsproj", "{D3709C0C-6816-4A5E-8412-1124D70E3902}"
EndProject
Project("{F2A71F9B-5D33-465A-A702-920D77279786}") = "TradingEdge.Hmm", "TradingEdge.Hmm\TradingEdge.Hmm.fsproj", "{FFDC0FC6-174D-4E9A-8795-6B79E9C3F76C}"
EndProject
Global
	GlobalSection(SolutionConfigurationPlatforms) = preSolution
		Debug|Any CPU = Debug|Any CPU
		Debug|x64 = Debug|x64
		Debug|x86 = Debug|x86
		Release|Any CPU = Release|Any CPU
		Release|x64 = Release|x64
		Release|x86 = Release|x86
	EndGlobalSection
	GlobalSection(ProjectConfigurationPlatforms) = postSolution
		{F3C61718-A2B7-4115-8053-9AB0E3288AFB}.Debug|Any CPU.ActiveCfg = Debug|Any CPU
		{F3C61718-A2B7-4115-8053-9AB0E3288AFB}.Debug|Any CPU.Build.0 = Debug|Any CPU
		{F3C61718-A2B7-4115-8053-9AB0E3288AFB}.Debug|x64.ActiveCfg = Debug|Any CPU
		{F3C61718-A2B7-4115-8053-9AB0E3288AFB}.Debug|x64.Build.0 = Debug|Any CPU
		{F3C61718-A2B7-4115-8053-9AB0E3288AFB}.Debug|x86.ActiveCfg = Debug|Any CPU
		{F3C61718-A2B7-4115-8053-9AB0E3288AFB}.Debug|x86.Build.0 = Debug|Any CPU
		{F3C61718-A2B7-4115-8053-9AB0E3288AFB}.Release|Any CPU.ActiveCfg = Release|Any CPU
		{F3C61718-A2B7-4115-8053-9AB0E3288AFB}.Release|Any CPU.Build.0 = Release|Any CPU
		{F3C61718-A2B7-4115-8053-9AB0E3288AFB}.Release|x64.ActiveCfg = Release|Any CPU
		{F3C61718-A2B7-4115-8053-9AB0E3288AFB}.Release|x64.Build.0 = Release|Any CPU
		{F3C61718-A2B7-4115-8053-9AB0E3288AFB}.Release|x86.ActiveCfg = Release|Any CPU
		{F3C61718-A2B7-4115-8053-9AB0E3288AFB}.Release|x86.Build.0 = Release|Any CPU
		{D3709C0C-6816-4A5E-8412-1124D70E3902}.Debug|Any CPU.ActiveCfg = Debug|Any CPU
		{D3709C0C-6816-4A5E-8412-1124D70E3902}.Debug|Any CPU.Build.0 = Debug|Any CPU
		{D3709C0C-6816-4A5E-8412-1124D70E3902}.Debug|x64.ActiveCfg = Debug|Any CPU
		{D3709C0C-6816-4A5E-8412-1124D70E3902}.Debug|x64.Build.0 = Debug|Any CPU
		{D3709C0C-6816-4A5E-8412-1124D70E3902}.Debug|x86.ActiveCfg = Debug|Any CPU
		{D3709C0C-6816-4A5E-8412-1124D70E3902}.Debug|x86.Build.0 = Debug|Any CPU
		{D3709C0C-6816-4A5E-8412-1124D70E3902}.Release|Any CPU.ActiveCfg = Release|Any CPU
		{D3709C0C-6816-4A5E-8412-1124D70E3902}.Release|Any CPU.Build.0 = Release|Any CPU
		{D3709C0C-6816-4A5E-8412-1124D70E3902}.Release|x64.ActiveCfg = Release|Any CPU
		{D3709C0C-6816-4A5E-8412-1124D70E3902}.Release|x64.Build.0 = Release|Any CPU
		{D3709C0C-6816-4A5E-8412-1124D70E3902}.Release|x86.ActiveCfg = Release|Any CPU
		{D3709C0C-6816-4A5E-8412-1124D70E3902}.Release|x86.Build.0 = Release|Any CPU
		{FFDC0FC6-174D-4E9A-8795-6B79E9C3F76C}.Debug|Any CPU.ActiveCfg = Debug|Any CPU
		{FFDC0FC6-174D-4E9A-8795-6B79E9C3F76C}.Debug|Any CPU.Build.0 = Debug|Any CPU
		{FFDC0FC6-174D-4E9A-8795-6B79E9C3F76C}.Debug|x64.ActiveCfg = Debug|Any CPU
		{FFDC0FC6-174D-4E9A-8795-6B79E9C3F76C}.Debug|x64.Build.0 = Debug|Any CPU
		{FFDC0FC6-174D-4E9A-8795-6B79E9C3F76C}.Debug|x86.ActiveCfg = Debug|Any CPU
		{FFDC0FC6-174D-4E9A-8795-6B79E9C3F76C}.Debug|x86.Build.0 = Debug|Any CPU
		{FFDC0FC6-174D-4E9A-8795-6B79E9C3F76C}.Release|Any CPU.ActiveCfg = Release|Any CPU
		{FFDC0FC6-174D-4E9A-8795-6B79E9C3F76C}.Release|Any CPU.Build.0 = Release|Any CPU
		{FFDC0FC6-174D-4E9A-8795-6B79E9C3F76C}.Release|x64.ActiveCfg = Release|Any CPU
		{FFDC0FC6-174D-4E9A-8795-6B79E9C3F76C}.Release|x64.Build.0 = Release|Any CPU
		{FFDC0FC6-174D-4E9A-8795-6B79E9C3F76C}.Release|x86.ActiveCfg = Release|Any CPU
		{FFDC0FC6-174D-4E9A-8795-6B79E9C3F76C}.Release|x86.Build.0 = Release|Any CPU
	EndGlobalSection
	GlobalSection(SolutionProperties) = preSolution
		HideSolutionNode = FALSE
	EndGlobalSection
EndGlobal
